// !$*UTF8*$!
{
	archiveVersion = 1;
	classes = {
	};
	objectVersion = 56;
	objects = {

/* Begin PBXBuildFile section */
		2F2851482A916BB200430CFC /* FeedCell.swift in Sources */ = {isa = PBXBuildFile; fileRef = 2F2851472A916BB200430CFC /* FeedCell.swift */; };
		2F7D8EBF2A7FD2E50063984C /* AppDelegate.swift in Sources */ = {isa = PBXBuildFile; fileRef = 2F7D8EBE2A7FD2E50063984C /* AppDelegate.swift */; };
		2F7D8EC12A7FD2E50063984C /* SceneDelegate.swift in Sources */ = {isa = PBXBuildFile; fileRef = 2F7D8EC02A7FD2E50063984C /* SceneDelegate.swift */; };
		2F7D8EC32A7FD2E50063984C /* ViewController.swift in Sources */ = {isa = PBXBuildFile; fileRef = 2F7D8EC22A7FD2E50063984C /* ViewController.swift */; };
		2F7D8EC62A7FD2E50063984C /* Main.storyboard in Resources */ = {isa = PBXBuildFile; fileRef = 2F7D8EC42A7FD2E50063984C /* Main.storyboard */; };
		2F7D8EC82A7FD2E70063984C /* Assets.xcassets in Resources */ = {isa = PBXBuildFile; fileRef = 2F7D8EC72A7FD2E70063984C /* Assets.xcassets */; };
		2F7D8ECB2A7FD2E70063984C /* LaunchScreen.storyboard in Resources */ = {isa = PBXBuildFile; fileRef = 2F7D8EC92A7FD2E70063984C /* LaunchScreen.storyboard */; };
		2F7D8ED32A7FD4AA0063984C /* GoogleService-Info.plist in Resources */ = {isa = PBXBuildFile; fileRef = 2F7D8ED22A7FD4AA0063984C /* GoogleService-Info.plist */; };
		2F846D542A8AC4AD00B61B6A /* FeedViewController.swift in Sources */ = {isa = PBXBuildFile; fileRef = 2F846D532A8AC4AD00B61B6A /* FeedViewController.swift */; };
		2F846D562A8AC4DE00B61B6A /* UploadViewController.swift in Sources */ = {isa = PBXBuildFile; fileRef = 2F846D552A8AC4DE00B61B6A /* UploadViewController.swift */; };
		2F846D582A8AC4F500B61B6A /* SettingsViewController.swift in Sources */ = {isa = PBXBuildFile; fileRef = 2F846D572A8AC4F500B61B6A /* SettingsViewController.swift */; };
		4DB4FD0888037DF62313A204 /* Pods_PhotoSharingApp.framework in Frameworks */ = {isa = PBXBuildFile; fileRef = 4C0B129C2835F3D8A7FCF9CF /* Pods_PhotoSharingApp.framework */; };
/* End PBXBuildFile section */

/* Begin PBXFileReference section */
		2F2851472A916BB200430CFC /* FeedCell.swift */ = {isa = PBXFileReference; lastKnownFileType = sourcecode.swift; path = FeedCell.swift; sourceTree = "<group>"; };
		2F7D8EBB2A7FD2E50063984C /* PhotoSharingApp.app */ = {isa = PBXFileReference; explicitFileType = wrapper.application; includeInIndex = 0; path = PhotoSharingApp.app; sourceTree = BUILT_PRODUCTS_DIR; };
		2F7D8EBE2A7FD2E50063984C /* AppDelegate.swift */ = {isa = PBXFileReference; lastKnownFileType = sourcecode.swift; path = AppDelegate.swift; sourceTree = "<group>"; };
		2F7D8EC02A7FD2E50063984C /* SceneDelegate.swift */ = {isa = PBXFileReference; lastKnownFileType = sourcecode.swift; path = SceneDelegate.swift; sourceTree = "<group>"; };
		2F7D8EC22A7FD2E50063984C /* ViewController.swift */ = {isa = PBXFileReference; lastKnownFileType = sourcecode.swift; path = ViewController.swift; sourceTree = "<group>"; };
		2F7D8EC52A7FD2E50063984C /* Base */ = {isa = PBXFileReference; lastKnownFileType = file.storyboard; name = Base; path = Base.lproj/Main.storyboard; sourceTree = "<group>"; };
		2F7D8EC72A7FD2E70063984C /* Assets.xcassets */ = {isa = PBXFileReference; lastKnownFileType = folder.assetcatalog; path = Assets.xcassets; sourceTree = "<group>"; };
		2F7D8ECA2A7FD2E70063984C /* Base */ = {isa = PBXFileReference; lastKnownFileType = file.storyboard; name = Base; path = Base.lproj/LaunchScreen.storyboard; sourceTree = "<group>"; };
		2F7D8ECC2A7FD2E70063984C /* Info.plist */ = {isa = PBXFileReference; lastKnownFileType = text.plist.xml; path = Info.plist; sourceTree = "<group>"; };
		2F7D8ED22A7FD4AA0063984C /* GoogleService-Info.plist */ = {isa = PBXFileReference; fileEncoding = 4; lastKnownFileType = text.plist.xml; path = "GoogleService-Info.plist"; sourceTree = "<group>"; };
		2F846D532A8AC4AD00B61B6A /* FeedViewController.swift */ = {isa = PBXFileReference; lastKnownFileType = sourcecode.swift; path = FeedViewController.swift; sourceTree = "<group>"; };
		2F846D552A8AC4DE00B61B6A /* UploadViewController.swift */ = {isa = PBXFileReference; lastKnownFileType = sourcecode.swift; path = UploadViewController.swift; sourceTree = "<group>"; };
		2F846D572A8AC4F500B61B6A /* SettingsViewController.swift */ = {isa = PBXFileReference; lastKnownFileType = sourcecode.swift; path = SettingsViewController.swift; sourceTree = "<group>"; };
		4C0B129C2835F3D8A7FCF9CF /* Pods_PhotoSharingApp.framework */ = {isa = PBXFileReference; explicitFileType = wrapper.framework; includeInIndex = 0; path = Pods_PhotoSharingApp.framework; sourceTree = BUILT_PRODUCTS_DIR; };
		5CF99A167D548A9D20F127D2 /* Pods-PhotoSharingApp.debug.xcconfig */ = {isa = PBXFileReference; includeInIndex = 1; lastKnownFileType = text.xcconfig; name = "Pods-PhotoSharingApp.debug.xcconfig"; path = "Target Support Files/Pods-PhotoSharingApp/Pods-PhotoSharingApp.debug.xcconfig"; sourceTree = "<group>"; };
		BB7C4E89669BE56D62BCEAD1 /* Pods-PhotoSharingApp.release.xcconfig */ = {isa = PBXFileReference; includeInIndex = 1; lastKnownFileType = text.xcconfig; name = "Pods-PhotoSharingApp.release.xcconfig"; path = "Target Support Files/Pods-PhotoSharingApp/Pods-PhotoSharingApp.release.xcconfig"; sourceTree = "<group>"; };
/* End PBXFileReference section */

/* Begin PBXFrameworksBuildPhase section */
		2F7D8EB82A7FD2E50063984C /* Frameworks */ = {
			isa = PBXFrameworksBuildPhase;
			buildActionMask = 2147483647;
			files = (
				4DB4FD0888037DF62313A204 /* Pods_PhotoSharingApp.framework in Frameworks */,
			);
			runOnlyForDeploymentPostprocessing = 0;
		};
/* End PBXFrameworksBuildPhase section */

/* Begin PBXGroup section */
		27C6A6D3B15B94E2B541F003 /* Frameworks */ = {
			isa = PBXGroup;
			children = (
				4C0B129C2835F3D8A7FCF9CF /* Pods_PhotoSharingApp.framework */,
			);
			name = Frameworks;
			sourceTree = "<group>";
		};
		2F7D8EB22A7FD2E50063984C = {
			isa = PBXGroup;
			children = (
				2F7D8EBD2A7FD2E50063984C /* PhotoSharingApp */,
				2F7D8EBC2A7FD2E50063984C /* Products */,
				D72FB62780B08A88C2490AD5 /* Pods */,
				27C6A6D3B15B94E2B541F003 /* Frameworks */,
			);
			sourceTree = "<group>";
		};
		2F7D8EBC2A7FD2E50063984C /* Products */ = {
			isa = PBXGroup;
			children = (
				2F7D8EBB2A7FD2E50063984C /* PhotoSharingApp.app */,
			);
			name = Products;
			sourceTree = "<group>";
		};
		2F7D8EBD2A7FD2E50063984C /* PhotoSharingApp */ = {
			isa = PBXGroup;
			children = (
				2F7D8EBE2A7FD2E50063984C /* AppDelegate.swift */,
				2F7D8EC02A7FD2E50063984C /* SceneDelegate.swift */,
				2F7D8EC22A7FD2E50063984C /* ViewController.swift */,
				2F846D532A8AC4AD00B61B6A /* FeedViewController.swift */,
				2F846D552A8AC4DE00B61B6A /* UploadViewController.swift */,
				2F846D572A8AC4F500B61B6A /* SettingsViewController.swift */,
				2F2851472A916BB200430CFC /* FeedCell.swift */,
				2F7D8EC42A7FD2E50063984C /* Main.storyboard */,
				2F7D8EC72A7FD2E70063984C /* Assets.xcassets */,
				2F7D8EC92A7FD2E70063984C /* LaunchScreen.storyboard */,
				2F7D8ECC2A7FD2E70063984C /* Info.plist */,
				2F7D8ED22A7FD4AA0063984C /* GoogleService-Info.plist */,
			);
			path = PhotoSharingApp;
			sourceTree = "<group>";
		};
		D72FB62780B08A88C2490AD5 /* Pods */ = {
			isa = PBXGroup;
			children = (
				5CF99A167D548A9D20F127D2 /* Pods-PhotoSharingApp.debug.xcconfig */,
				BB7C4E89669BE56D62BCEAD1 /* Pods-PhotoSharingApp.release.xcconfig */,
			);
			path = Pods;
			sourceTree = "<group>";
		};
/* End PBXGroup section */

/* Begin PBXNativeTarget section */
		2F7D8EBA2A7FD2E50063984C /* PhotoSharingApp */ = {
			isa = PBXNativeTarget;
			buildConfigurationList = 2F7D8ECF2A7FD2E70063984C /* Build configuration list for PBXNativeTarget "PhotoSharingApp" */;
			buildPhases = (
				DA2E6B82C4F5A6959D0ABB9C /* [CP] Check Pods Manifest.lock */,
				2F7D8EB72A7FD2E50063984C /* Sources */,
				2F7D8EB82A7FD2E50063984C /* Frameworks */,
				2F7D8EB92A7FD2E50063984C /* Resources */,
				298ED4B30DA6337BEC3F265B /* [CP] Embed Pods Frameworks */,
			);
			buildRules = (
			);
			dependencies = (
			);
			name = PhotoSharingApp;
			productName = PhotoSharingApp;
			productReference = 2F7D8EBB2A7FD2E50063984C /* PhotoSharingApp.app */;
			productType = "com.apple.product-type.application";
		};
/* End PBXNativeTarget section */

/* Begin PBXProject section */
		2F7D8EB32A7FD2E50063984C /* Project object */ = {
			isa = PBXProject;
			attributes = {
				BuildIndependentTargetsInParallel = 1;
				LastSwiftUpdateCheck = 1420;
				LastUpgradeCheck = 1420;
				TargetAttributes = {
					2F7D8EBA2A7FD2E50063984C = {
						CreatedOnToolsVersion = 14.2;
					};
				};
			};
			buildConfigurationList = 2F7D8EB62A7FD2E50063984C /* Build configuration list for PBXProject "PhotoSharingApp" */;
			compatibilityVersion = "Xcode 14.0";
			developmentRegion = en;
			hasScannedForEncodings = 0;
			knownRegions = (
				en,
				Base,
			);
			mainGroup = 2F7D8EB22A7FD2E50063984C;
			productRefGroup = 2F7D8EBC2A7FD2E50063984C /* Products */;
			projectDirPath = "";
			projectRoot = "";
			targets = (
				2F7D8EBA2A7FD2E50063984C /* PhotoSharingApp */,
			);
		};
/* End PBXProject section */

/* Begin PBXResourcesBuildPhase section */
		2F7D8EB92A7FD2E50063984C /* Resources */ = {
			isa = PBXResourcesBuildPhase;
			buildActionMask = 2147483647;
			files = (
				2F7D8ECB2A7FD2E70063984C /* LaunchScreen.storyboard in Resources */,
				2F7D8ED32A7FD4AA0063984C /* GoogleService-Info.plist in Resources */,
				2F7D8EC82A7FD2E70063984C /* Assets.xcassets in Resources */,
				2F7D8EC62A7FD2E50063984C /* Main.storyboard in Resources */,
			);
			runOnlyForDeploymentPostprocessing = 0;
		};
/* End PBXResourcesBuildPhase section */

/* Begin PBXShellScriptBuildPhase section */
		298ED4B30DA6337BEC3F265B /* [CP] Embed Pods Frameworks */ = {
			isa = PBXShellScriptBuildPhase;
			buildActionMask = 2147483647;
			files = (
			);
			inputFileListPaths = (
				"${PODS_ROOT}/Target Support Files/Pods-PhotoSharingApp/Pods-PhotoSharingApp-frameworks-${CONFIGURATION}-input-files.xcfilelist",
			);
			name = "[CP] Embed Pods Frameworks";
			outputFileListPaths = (
				"${PODS_ROOT}/Target Support Files/Pods-PhotoSharingApp/Pods-PhotoSharingApp-frameworks-${CONFIGURATION}-output-files.xcfilelist",
			);
			runOnlyForDeploymentPostprocessing = 0;
			shellPath = /bin/sh;
			shellScript = "\"${PODS_ROOT}/Target Support Files/Pods-PhotoSharingApp/Pods-PhotoSharingApp-frameworks.sh\"\n";
			showEnvVarsInLog = 0;
		};
		DA2E6B82C4F5A6959D0ABB9C /* [CP] Check Pods Manifest.lock */ = {
			isa = PBXShellScriptBuildPhase;
			buildActionMask = 2147483647;
			files = (
			);
			inputFileListPaths = (
			);
			inputPaths = (
				"${PODS_PODFILE_DIR_PATH}/Podfile.lock",
				"${PODS_ROOT}/Manifest.lock",
			);
			name = "[CP] Check Pods Manifest.lock";
			outputFileListPaths = (
			);
			outputPaths = (
				"$(DERIVED_FILE_DIR)/Pods-PhotoSharingApp-checkManifestLockResult.txt",
			);
			runOnlyForDeploymentPostprocessing = 0;
			shellPath = /bin/sh;
			shellScript = "diff \"${PODS_PODFILE_DIR_PATH}/Podfile.lock\" \"${PODS_ROOT}/Manifest.lock\" > /dev/null\nif [ $? != 0 ] ; then\n    # print error to STDERR\n    echo \"error: The sandbox is not in sync with the Podfile.lock. Run 'pod install' or update your CocoaPods installation.\" >&2\n    exit 1\nfi\n# This output is used by Xcode 'outputs' to avoid re-running this script phase.\necho \"SUCCESS\" > \"${SCRIPT_OUTPUT_FILE_0}\"\n";
			showEnvVarsInLog = 0;
		};
/* End PBXShellScriptBuildPhase section */

/* Begin PBXSourcesBuildPhase section */
		2F7D8EB72A7FD2E50063984C /* Sources */ = {
			isa = PBXSourcesBuildPhase;
			buildActionMask = 2147483647;
			files = (
				2F2851482A916BB200430CFC /* FeedCell.swift in Sources */,
				2F7D8EC32A7FD2E50063984C /* ViewController.swift in Sources */,
				2F846D562A8AC4DE00B61B6A /* UploadViewController.swift in Sources */,
				2F7D8EBF2A7FD2E50063984C /* AppDelegate.swift in Sources */,
				2F846D542A8AC4AD00B61B6A /* FeedViewController.swift in Sources */,
				2F7D8EC12A7FD2E50063984C /* SceneDelegate.swift in Sources */,
				2F846D582A8AC4F500B61B6A /* SettingsViewController.swift in Sources */,
			);
			runOnlyForDeploymentPostprocessing = 0;
		};
/* End PBXSourcesBuildPhase section */

/* Begin PBXVariantGroup section */
		2F7D8EC42A7FD2E50063984C /* Main.storyboard */ = {
			isa = PBXVariantGroup;
			children = (
				2F7D8EC52A7FD2E50063984C /* Base */,
			);
			name = Main.storyboard;
			sourceTree = "<group>";
		};
		2F7D8EC92A7FD2E70063984C /* LaunchScreen.storyboard */ = {
			isa = PBXVariantGroup;
			children = (
				2F7D8ECA2A7FD2E70063984C /* Base */,
			);
			name = LaunchScreen.storyboard;
			sourceTree = "<group>";
		};
/* End PBXVariantGroup section */

/* Begin XCBuildConfiguration section */
		2F7D8ECD2A7FD2E70063984C /* Debug */ = {
			isa = XCBuildConfiguration;
			buildSettings = {
				ALWAYS_SEARCH_USER_PATHS = NO;
				CLANG_ANALYZER_NONNULL = YES;
				CLANG_ANALYZER_NUMBER_OBJECT_CONVERSION = YES_AGGRESSIVE;
				CLANG_CXX_LANGUAGE_STANDARD = "gnu++20";
				CLANG_ENABLE_MODULES = YES;
				CLANG_ENABLE_OBJC_ARC = YES;
				CLANG_ENABLE_OBJC_WEAK = YES;
				CLANG_WARN_BLOCK_CAPTURE_AUTORELEASING = YES;
				CLANG_WARN_BOOL_CONVERSION = YES;
				CLANG_WARN_COMMA = YES;
				CLANG_WARN_CONSTANT_CONVERSION = YES;
				CLANG_WARN_DEPRECATED_OBJC_IMPLEMENTATIONS = YES;
				CLANG_WARN_DIRECT_OBJC_ISA_USAGE = YES_ERROR;
				CLANG_WARN_DOCUMENTATION_COMMENTS = YES;
				CLANG_WARN_EMPTY_BODY = YES;
				CLANG_WARN_ENUM_CONVERSION = YES;
				CLANG_WARN_INFINITE_RECURSION = YES;
				CLANG_WARN_INT_CONVERSION = YES;
				CLANG_WARN_NON_LITERAL_NULL_CONVERSION = YES;
				CLANG_WARN_OBJC_IMPLICIT_RETAIN_SELF = YES;
				CLANG_WARN_OBJC_LITERAL_CONVERSION = YES;
				CLANG_WARN_OBJC_ROOT_CLASS = YES_ERROR;
				CLANG_WARN_QUOTED_INCLUDE_IN_FRAMEWORK_HEADER = YES;
				CLANG_WARN_RANGE_LOOP_ANALYSIS = YES;
				CLANG_WARN_STRICT_PROTOTYPES = YES;
				CLANG_WARN_SUSPICIOUS_MOVE = YES;
				CLANG_WARN_UNGUARDED_AVAILABILITY = YES_AGGRESSIVE;
				CLANG_WARN_UNREACHABLE_CODE = YES;
				CLANG_WARN__DUPLICATE_METHOD_MATCH = YES;
				COPY_PHASE_STRIP = NO;
				DEBUG_INFORMATION_FORMAT = dwarf;
				ENABLE_STRICT_OBJC_MSGSEND = YES;
				ENABLE_TESTABILITY = YES;
				GCC_C_LANGUAGE_STANDARD = gnu11;
				GCC_DYNAMIC_NO_PIC = NO;
				GCC_NO_COMMON_BLOCKS = YES;
				GCC_OPTIMIZATION_LEVEL = 0;
				GCC_PREPROCESSOR_DEFINITIONS = (
					"DEBUG=1",
					"$(inherited)",
				);
				GCC_WARN_64_TO_32_BIT_CONVERSION = YES;
				GCC_WARN_ABOUT_RETURN_TYPE = YES_ERROR;
				GCC_WARN_UNDECLARED_SELECTOR = YES;
				GCC_WARN_UNINITIALIZED_AUTOS = YES_AGGRESSIVE;
				GCC_WARN_UNUSED_FUNCTION = YES;
				GCC_WARN_UNUSED_VARIABLE = YES;
				IPHONEOS_DEPLOYMENT_TARGET = 16.2;
				MTL_ENABLE_DEBUG_INFO = INCLUDE_SOURCE;
				MTL_FAST_MATH = YES;
				ONLY_ACTIVE_ARCH = YES;
				SDKROOT = iphoneos;
				SWIFT_ACTIVE_COMPILATION_CONDITIONS = DEBUG;
				SWIFT_OPTIMIZATION_LEVEL = "-Onone";
			};
			name = Debug;
		};
		2F7D8ECE2A7FD2E70063984C /* Release */ = {
			isa = XCBuildConfiguration;
			buildSettings = {
				ALWAYS_SEARCH_USER_PATHS = NO;
				CLANG_ANALYZER_NONNULL = YES;
				CLANG_ANALYZER_NUMBER_OBJECT_CONVERSION = YES_AGGRESSIVE;
				CLANG_CXX_LANGUAGE_STANDARD = "gnu++20";
				CLANG_ENABLE_MODULES = YES;
				CLANG_ENABLE_OBJC_ARC = YES;
				CLANG_ENABLE_OBJC_WEAK = YES;
				CLANG_WARN_BLOCK_CAPTURE_AUTORELEASING = YES;
				CLANG_WARN_BOOL_CONVERSION = YES;
				CLANG_WARN_COMMA = YES;
				CLANG_WARN_CONSTANT_CONVERSION = YES;
				CLANG_WARN_DEPRECATED_OBJC_IMPLEMENTATIONS = YES;
				CLANG_WARN_DIRECT_OBJC_ISA_USAGE = YES_ERROR;
				CLANG_WARN_DOCUMENTATION_COMMENTS = YES;
				CLANG_WARN_EMPTY_BODY = YES;
				CLANG_WARN_ENUM_CONVERSION = YES;
				CLANG_WARN_INFINITE_RECURSION = YES;
				CLANG_WARN_INT_CONVERSION = YES;
				CLANG_WARN_NON_LITERAL_NULL_CONVERSION = YES;
				CLANG_WARN_OBJC_IMPLICIT_RETAIN_SELF = YES;
				CLANG_WARN_OBJC_LITERAL_CONVERSION = YES;
				CLANG_WARN_OBJC_ROOT_CLASS = YES_ERROR;
				CLANG_WARN_QUOTED_INCLUDE_IN_FRAMEWORK_HEADER = YES;
				CLANG_WARN_RANGE_LOOP_ANALYSIS = YES;
				CLANG_WARN_STRICT_PROTOTYPES = YES;
				CLANG_WARN_SUSPICIOUS_MOVE = YES;
				CLANG_WARN_UNGUARDED_AVAILABILITY = YES_AGGRESSIVE;
				CLANG_WARN_UNREACHABLE_CODE = YES;
				CLANG_WARN__DUPLICATE_METHOD_MATCH = YES;
				COPY_PHASE_STRIP = NO;
				DEBUG_INFORMATION_FORMAT = "dwarf-with-dsym";
				ENABLE_NS_ASSERTIONS = NO;
				ENABLE_STRICT_OBJC_MSGSEND = YES;
				GCC_C_LANGUAGE_STANDARD = gnu11;
				GCC_NO_COMMON_BLOCKS = YES;
				GCC_WARN_64_TO_32_BIT_CONVERSION = YES;
				GCC_WARN_ABOUT_RETURN_TYPE = YES_ERROR;
				GCC_WARN_UNDECLARED_SELECTOR = YES;
				GCC_WARN_UNINITIALIZED_AUTOS = YES_AGGRESSIVE;
				GCC_WARN_UNUSED_FUNCTION = YES;
				GCC_WARN_UNUSED_VARIABLE = YES;
				IPHONEOS_DEPLOYMENT_TARGET = 16.2;
				MTL_ENABLE_DEBUG_INFO = NO;
				MTL_FAST_MATH = YES;
				SDKROOT = iphoneos;
				SWIFT_COMPILATION_MODE = wholemodule;
				SWIFT_OPTIMIZATION_LEVEL = "-O";
				VALIDATE_PRODUCT = YES;
			};
			name = Release;
		};
		2F7D8ED02A7FD2E70063984C /* Debug */ = {
			isa = XCBuildConfiguration;
			baseConfigurationReference = 5CF99A167D548A9D20F127D2 /* Pods-PhotoSharingApp.debug.xcconfig */;
			buildSettings = {
				ASSETCATALOG_COMPILER_APPICON_NAME = AppIcon;
				ASSETCATALOG_COMPILER_GLOBAL_ACCENT_COLOR_NAME = AccentColor;
				CODE_SIGN_STYLE = Automatic;
				CURRENT_PROJECT_VERSION = 1;
				DEVELOPMENT_TEAM = GY43H98J2J;
				GENERATE_INFOPLIST_FILE = YES;
				INFOPLIST_FILE = PhotoSharingApp/Info.plist;
				INFOPLIST_KEY_UIApplicationSupportsIndirectInputEvents = YES;
				INFOPLIST_KEY_UILaunchStoryboardName = LaunchScreen;
				INFOPLIST_KEY_UIMainStoryboardFile = Main;
				INFOPLIST_KEY_UISupportedInterfaceOrientations_iPad = "UIInterfaceOrientationPortrait UIInterfaceOrientationPortraitUpsideDown UIInterfaceOrientationLandscapeLeft UIInterfaceOrientationLandscapeRight";
				INFOPLIST_KEY_UISupportedInterfaceOrientations_iPhone = "UIInterfaceOrientationPortrait UIInterfaceOrientationLandscapeLeft UIInterfaceOrientationLandscapeRight";
				LD_RUNPATH_SEARCH_PATHS = (
					"$(inherited)",
					"@executable_path/Frameworks",
				);
				MARKETING_VERSION = 1.0;
				PRODUCT_BUNDLE_IDENTIFIER = com.goknurbulut.PhotoSharingApp;
				PRODUCT_NAME = "$(TARGET_NAME)";
				SWIFT_EMIT_LOC_STRINGS = YES;
				SWIFT_VERSION = 5.0;
				TARGETED_DEVICE_FAMILY = "1,2";
			};
			name = Debug;
		};
		2F7D8ED12A7FD2E70063984C /* Release */ = {
			isa = XCBuildConfiguration;
			baseConfigurationReference = BB7C4E89669BE56D62BCEAD1 /* Pods-PhotoSharingApp.release.xcconfig */;
			buildSettings = {
				ASSETCATALOG_COMPILER_APPICON_NAME = AppIcon;
				ASSETCATALOG_COMPILER_GLOBAL_ACCENT_COLOR_NAME = AccentColor;
				CODE_SIGN_STYLE = Automatic;
				CURRENT_PROJECT_VERSION = 1;
				DEVELOPMENT_TEAM = GY43H98J2J;
				GENERATE_INFOPLIST_FILE = YES;
				INFOPLIST_FILE = PhotoSharingApp/Info.plist;
				INFOPLIST_KEY_UIApplicationSupportsIndirectInputEvents = YES;
				INFOPLIST_KEY_UILaunchStoryboardName = LaunchScreen;
				INFOPLIST_KEY_UIMainStoryboardFile = Main;
				INFOPLIST_KEY_UISupportedInterfaceOrientations_iPad = "UIInterfaceOrientationPortrait UIInterfaceOrientationPortraitUpsideDown UIInterfaceOrientationLandscapeLeft UIInterfaceOrientationLandscapeRight";
				INFOPLIST_KEY_UISupportedInterfaceOrientations_iPhone = "UIInterfaceOrientationPortrait UIInterfaceOrientationLandscapeLeft UIInterfaceOrientationLandscapeRight";
				LD_RUNPATH_SEARCH_PATHS = (
					"$(inherited)",
					"@executable_path/Frameworks",
				);
				MARKETING_VERSION = 1.0;
				PRODUCT_BUNDLE_IDENTIFIER = com.goknurbulut.PhotoSharingApp;
				PRODUCT_NAME = "$(TARGET_NAME)";
				SWIFT_EMIT_LOC_STRINGS = YES;
				SWIFT_VERSION = 5.0;
				TARGETED_DEVICE_FAMILY = "1,2";
			};
			name = Release;
		};
/* End XCBuildConfiguration section */

/* Begin XCConfigurationList section */
		2F7D8EB62A7FD2E50063984C /* Build configuration list for PBXProject "PhotoSharingApp" */ = {
			isa = XCConfigurationList;
			buildConfigurations = (
				2F7D8ECD2A7FD2E70063984C /* Debug */,
				2F7D8ECE2A7FD2E70063984C /* Release */,
			);
			defaultConfigurationIsVisible = 0;
			defaultConfigurationName = Release;
		};
		2F7D8ECF2A7FD2E70063984C /* Build configuration list for PBXNativeTarget "PhotoSharingApp" */ = {
			isa = XCConfigurationList;
			buildConfigurations = (
				2F7D8ED02A7FD2E70063984C /* Debug */,
				2F7D8ED12A7FD2E70063984C /* Release */,
			);
			defaultConfigurationIsVisible = 0;
			defaultConfigurationName = Release;
		};
/* End XCConfigurationList section */
	};
	rootObject = 2F7D8EB32A7FD2E50063984C /* Project object */;
}
